schema: '2.0'
stages:
  data_ingestion:
    cmd: python src/data_ingestion.py
    deps:
    - path: src/data_ingestion.py
      hash: md5
      md5: 19b948ef439bb67e56e0da81edee2003
      size: 425
    outs:
    - path: data/preprocess
      hash: md5
      md5: b05f657db6c1a307f5b9efd6b5faddf6.dir
      size: 1658629
      nfiles: 1
  model_training:
    cmd: python src/model_training.py
    deps:
    - path: data/preprocess
      hash: md5
      md5: b05f657db6c1a307f5b9efd6b5faddf6.dir
      size: 1658629
      nfiles: 1
    - path: src/model_training.py
      hash: md5
      md5: 5872b7b8b43e1717275269d0e7efada0
      size: 2426
  model_evaluation:
    cmd: python src/model_evaluation.py
    deps:
    - path: src/model_evaluation.py
      hash: md5
      md5: a7f795fd9695b08c840ee73022fd4a03
      size: 1972
